version: v2
locks:
  f/terraform/git_clone: 023d36941642320f660e4c7da066ca6df2582560b7b348fdee092042830b7e97
  f/terraform/notify_approval: e2f7f720c8f22075c44402d408521b96fc42e97a52cf43e294d9a60b26a4557d
  f/terraform/notify_status: ee7767de883de127596c6c6a11cd09615a71c9c9bacc314817900793dac548bd
  f/terraform/terraform_apply: 013076d26a929afc26da4d45fb98375ab0ad27ce887a97e0277ac4edae086ff0
  f/terraform/terraform_init: 4bb0c307e8e3623804338589f3201d427b01e9e36c4e85c53d470618cafc4ad8
  f/terraform/terraform_plan: 8eb458215cf0717e97a1a6963f86db50c84dcaf91ffd36ef9709a87f1183f2ce
  f/terraform/test_configuration: e2074342c09059437433d0308bd109362f7ccdbdd8a877000fc9d59b030771cd
