version: v2
locks:
  f/terraform/git_clone: c9f87462659ab096dc570ac9f7f7afee89aa79abb24b3d4b8cd76da93d80b462
  f/terraform/notify_approval: fce60ec4354ef0cae2f94c0bceea4f83ed70ae7bfe982b3ad387292602eb7285
  f/terraform/notify_status: 1b7df8c343292625bc59ae16c93ee369d0f7e185004fb6afa021bc4b73f29ef1
  f/terraform/terraform_apply: 93ab843e4b15ba37badf81ca4a6cb17e9e1704627bd4047b2c596a850284680c
  f/terraform/terraform_init: 9404073ca8cf617b5096f313e7c7f7aa2059949c18b4f5c90f89983cdaeedef5
  f/terraform/terraform_plan: 8eb458215cf0717e97a1a6963f86db50c84dcaf91ffd36ef9709a87f1183f2ce
  f/terraform/test_configuration: 5cda29f33dc10d6298fe65f075304bfd513033af5b5f2d03c4d41c6a67b2ca54
